
Microsoft Visual Studio Solution File, Format Version 12.00
# Visual Studio Version 17
VisualStudioVersion = 17.14.36414.22 d17.14
MinimumVisualStudioVersion = 10.0.40219.1
Project("{FAE04EC0-301F-11D3-BF4B-00C04F79EFBC}") = "Clase2.2C2025", "Clase2.2C2025\Clase2.2C2025.csproj", "{99ECFB95-FC23-4EF4-89FA-F406D3EC753B}"
EndProject
Global
	GlobalSection(SolutionConfigurationPlatforms) = preSolution
		Debug|Any CPU = Debug|Any CPU
		Release|Any CPU = Release|Any CPU
	EndGlobalSection
	GlobalSection(ProjectConfigurationPlatforms) = postSolution
		{99ECFB95-FC23-4EF4-89FA-F406D3EC753B}.Debug|Any CPU.ActiveCfg = Debug|Any CPU
		{99ECFB95-FC23-4EF4-89FA-F406D3EC753B}.Debug|Any CPU.Build.0 = Debug|Any CPU
		{99ECFB95-FC23-4EF4-89FA-F406D3EC753B}.Release|Any CPU.ActiveCfg = Release|Any CPU
		{99ECFB95-FC23-4EF4-89FA-F406D3EC753B}.Release|Any CPU.Build.0 = Release|Any CPU
	EndGlobalSection
	GlobalSection(SolutionProperties) = preSolution
		HideSolutionNode = FALSE
	EndGlobalSection
	GlobalSection(ExtensibilityGlobals) = postSolution
		SolutionGuid = {51DE5E7D-65F6-491E-B71A-DBCF21A356DC}
	EndGlobalSection
EndGlobal
